
Microsoft Visual Studio Solution File, Format Version 12.00
# Visual Studio Version 16
VisualStudioVersion = 16.0.31624.102
MinimumVisualStudioVersion = 10.0.40219.1
Project("{FAE04EC0-301F-11D3-BF4B-00C04F79EFBC}") = "HomeWorkLibrary", "HomeWorkLibrary\HomeWorkLibrary.csproj", "{08385E12-22C8-44F4-A08E-F49FBF402DBA}"
EndProject
Global
	GlobalSection(SolutionConfigurationPlatforms) = preSolution
		Debug|Any CPU = Debug|Any CPU
		Release|Any CPU = Release|Any CPU
	EndGlobalSection
	GlobalSection(ProjectConfigurationPlatforms) = postSolution
		{08385E12-22C8-44F4-A08E-F49FBF402DBA}.Debug|Any CPU.ActiveCfg = Debug|Any CPU
		{08385E12-22C8-44F4-A08E-F49FBF402DBA}.Debug|Any CPU.Build.0 = Debug|Any CPU
		{08385E12-22C8-44F4-A08E-F49FBF402DBA}.Release|Any CPU.ActiveCfg = Release|Any CPU
		{08385E12-22C8-44F4-A08E-F49FBF402DBA}.Release|Any CPU.Build.0 = Release|Any CPU
	EndGlobalSection
	GlobalSection(SolutionProperties) = preSolution
		HideSolutionNode = FALSE
	EndGlobalSection
	GlobalSection(ExtensibilityGlobals) = postSolution
		SolutionGuid = {388E5E91-4650-4FDA-9D38-BB229E10B9D4}
	EndGlobalSection
EndGlobal
